
Microsoft Visual Studio Solution File, Format Version 12.00
# Visual Studio Version 16
VisualStudioVersion = 16.0.29806.167
MinimumVisualStudioVersion = 10.0.40219.1
Project("{FAE04EC0-301F-11D3-BF4B-00C04F79EFBC}") = "Todos", "src\Todos.csproj", "{B94D4C07-7298-4F9E-8D17-8318C6D100E4}"
EndProject
Global
	GlobalSection(SolutionConfigurationPlatforms) = preSolution
		Debug|Any CPU = Debug|Any CPU
		Release|Any CPU = Release|Any CPU
	EndGlobalSection
	GlobalSection(ProjectConfigurationPlatforms) = postSolution
		{B94D4C07-7298-4F9E-8D17-8318C6D100E4}.Debug|Any CPU.ActiveCfg = Debug|Any CPU
		{B94D4C07-7298-4F9E-8D17-8318C6D100E4}.Debug|Any CPU.Build.0 = Debug|Any CPU
		{B94D4C07-7298-4F9E-8D17-8318C6D100E4}.Release|Any CPU.ActiveCfg = Release|Any CPU
		{B94D4C07-7298-4F9E-8D17-8318C6D100E4}.Release|Any CPU.Build.0 = Release|Any CPU
	EndGlobalSection
	GlobalSection(SolutionProperties) = preSolution
		HideSolutionNode = FALSE
	EndGlobalSection
	GlobalSection(ExtensibilityGlobals) = postSolution
		SolutionGuid = {1D30541C-9784-4242-9845-A3D9B1CD3292}
	EndGlobalSection
EndGlobal
